// !$*UTF8*$!
{
	archiveVersion = 1;
	classes = {
	};
	objectVersion = 48;
	objects = {

/* Begin PBXBuildFile section */
		9BA8ACDE2047F9A300B56625 /* AppDelegate.swift in Sources */ = {isa = PBXBuildFile; fileRef = 9BA8ACDD2047F9A300B56625 /* AppDelegate.swift */; };
		9BA8ACE02047F9A300B56625 /* ViewController.swift in Sources */ = {isa = PBXBuildFile; fileRef = 9BA8ACDF2047F9A300B56625 /* ViewController.swift */; };
		9BA8ACE32047F9A300B56625 /* Main.storyboard in Resources */ = {isa = PBXBuildFile; fileRef = 9BA8ACE12047F9A300B56625 /* Main.storyboard */; };
		9BA8ACE62047F9A300B56625 /* Day8Maps.xcdatamodeld in Sources */ = {isa = PBXBuildFile; fileRef = 9BA8ACE42047F9A300B56625 /* Day8Maps.xcdatamodeld */; };
		9BA8ACE82047F9A300B56625 /* Assets.xcassets in Resources */ = {isa = PBXBuildFile; fileRef = 9BA8ACE72047F9A300B56625 /* Assets.xcassets */; };
		9BA8ACEB2047F9A300B56625 /* LaunchScreen.storyboard in Resources */ = {isa = PBXBuildFile; fileRef = 9BA8ACE92047F9A300B56625 /* LaunchScreen.storyboard */; };
/* End PBXBuildFile section */

/* Begin PBXFileReference section */
		9BA8ACDA2047F9A300B56625 /* Day8Maps.app */ = {isa = PBXFileReference; explicitFileType = wrapper.application; includeInIndex = 0; path = Day8Maps.app; sourceTree = BUILT_PRODUCTS_DIR; };
		9BA8ACDD2047F9A300B56625 /* AppDelegate.swift */ = {isa = PBXFileReference; lastKnownFileType = sourcecode.swift; path = AppDelegate.swift; sourceTree = "<group>"; };
		9BA8ACDF2047F9A300B56625 /* ViewController.swift */ = {isa = PBXFileReference; lastKnownFileType = sourcecode.swift; path = ViewController.swift; sourceTree = "<group>"; };
		9BA8ACE22047F9A300B56625 /* Base */ = {isa = PBXFileReference; lastKnownFileType = file.storyboard; name = Base; path = Base.lproj/Main.storyboard; sourceTree = "<group>"; };
		9BA8ACE52047F9A300B56625 /* Day8Maps.xcdatamodel */ = {isa = PBXFileReference; lastKnownFileType = wrapper.xcdatamodel; path = Day8Maps.xcdatamodel; sourceTree = "<group>"; };
		9BA8ACE72047F9A300B56625 /* Assets.xcassets */ = {isa = PBXFileReference; lastKnownFileType = folder.assetcatalog; path = Assets.xcassets; sourceTree = "<group>"; };
		9BA8ACEA2047F9A300B56625 /* Base */ = {isa = PBXFileReference; lastKnownFileType = file.storyboard; name = Base; path = Base.lproj/LaunchScreen.storyboard; sourceTree = "<group>"; };
		9BA8ACEC2047F9A300B56625 /* Info.plist */ = {isa = PBXFileReference; lastKnownFileType = text.plist.xml; path = Info.plist; sourceTree = "<group>"; };
/* End PBXFileReference section */

/* Begin PBXFrameworksBuildPhase section */
		9BA8ACD72047F9A300B56625 /* Frameworks */ = {
			isa = PBXFrameworksBuildPhase;
			buildActionMask = 2147483647;
			files = (
			);
			runOnlyForDeploymentPostprocessing = 0;
		};
/* End PBXFrameworksBuildPhase section */

/* Begin PBXGroup section */
		9BA8ACD12047F9A300B56625 = {
			isa = PBXGroup;
			children = (
				9BA8ACDC2047F9A300B56625 /* Day8Maps */,
				9BA8ACDB2047F9A300B56625 /* Products */,
			);
			sourceTree = "<group>";
		};
		9BA8ACDB2047F9A300B56625 /* Products */ = {
			isa = PBXGroup;
			children = (
				9BA8ACDA2047F9A300B56625 /* Day8Maps.app */,
			);
			name = Products;
			sourceTree = "<group>";
		};
		9BA8ACDC2047F9A300B56625 /* Day8Maps */ = {
			isa = PBXGroup;
			children = (
				9BA8ACDD2047F9A300B56625 /* AppDelegate.swift */,
				9BA8ACDF2047F9A300B56625 /* ViewController.swift */,
				9BA8ACE12047F9A300B56625 /* Main.storyboard */,
				9BA8ACE72047F9A300B56625 /* Assets.xcassets */,
				9BA8ACE92047F9A300B56625 /* LaunchScreen.storyboard */,
				9BA8ACEC2047F9A300B56625 /* Info.plist */,
				9BA8ACE42047F9A300B56625 /* Day8Maps.xcdatamodeld */,
			);
			path = Day8Maps;
			sourceTree = "<group>";
		};
/* End PBXGroup section */

/* Begin PBXNativeTarget section */
		9BA8ACD92047F9A300B56625 /* Day8Maps */ = {
			isa = PBXNativeTarget;
			buildConfigurationList = 9BA8ACEF2047F9A300B56625 /* Build configuration list for PBXNativeTarget "Day8Maps" */;
			buildPhases = (
				9BA8ACD62047F9A300B56625 /* Sources */,
				9BA8ACD72047F9A300B56625 /* Frameworks */,
				9BA8ACD82047F9A300B56625 /* Resources */,
			);
			buildRules = (
			);
			dependencies = (
			);
			name = Day8Maps;
			productName = Day8Maps;
			productReference = 9BA8ACDA2047F9A300B56625 /* Day8Maps.app */;
			productType = "com.apple.product-type.application";
		};
/* End PBXNativeTarget section */

/* Begin PBXProject section */
		9BA8ACD22047F9A300B56625 /* Project object */ = {
			isa = PBXProject;
			attributes = {
				LastSwiftUpdateCheck = 0920;
				LastUpgradeCheck = 0920;
				ORGANIZATIONNAME = Foram;
				TargetAttributes = {
					9BA8ACD92047F9A300B56625 = {
						CreatedOnToolsVersion = 9.2;
						ProvisioningStyle = Automatic;
					};
				};
			};
			buildConfigurationList = 9BA8ACD52047F9A300B56625 /* Build configuration list for PBXProject "Day8Maps" */;
			compatibilityVersion = "Xcode 8.0";
			developmentRegion = en;
			hasScannedForEncodings = 0;
			knownRegions = (
				en,
				Base,
			);
			mainGroup = 9BA8ACD12047F9A300B56625;
			productRefGroup = 9BA8ACDB2047F9A300B56625 /* Products */;
			projectDirPath = "";
			projectRoot = "";
			targets = (
				9BA8ACD92047F9A300B56625 /* Day8Maps */,
			);
		};
/* End PBXProject section */

/* Begin PBXResourcesBuildPhase section */
		9BA8ACD82047F9A300B56625 /* Resources */ = {
			isa = PBXResourcesBuildPhase;
			buildActionMask = 2147483647;
			files = (
				9BA8ACEB2047F9A300B56625 /* LaunchScreen.storyboard in Resources */,
				9BA8ACE82047F9A300B56625 /* Assets.xcassets in Resources */,
				9BA8ACE32047F9A300B56625 /* Main.storyboard in Resources */,
			);
			runOnlyForDeploymentPostprocessing = 0;
		};
/* End PBXResourcesBuildPhase section */

/* Begin PBXSourcesBuildPhase section */
		9BA8ACD62047F9A300B56625 /* Sources */ = {
			isa = PBXSourcesBuildPhase;
			buildActionMask = 2147483647;
			files = (
				9BA8ACE02047F9A300B56625 /* ViewController.swift in Sources */,
				9BA8ACE62047F9A300B56625 /* Day8Maps.xcdatamodeld in Sources */,
				9BA8ACDE2047F9A300B56625 /* AppDelegate.swift in Sources */,
			);
			runOnlyForDeploymentPostprocessing = 0;
		};
/* End PBXSourcesBuildPhase section */

/* Begin PBXVariantGroup section */
		9BA8ACE12047F9A300B56625 /* Main.storyboard */ = {
			isa = PBXVariantGroup;
			children = (
				9BA8ACE22047F9A300B56625 /* Base */,
			);
			name = Main.storyboard;
			sourceTree = "<group>";
		};
		9BA8ACE92047F9A300B56625 /* LaunchScreen.storyboard */ = {
			isa = PBXVariantGroup;
			children = (
				9BA8ACEA2047F9A300B56625 /* Base */,
			);
			name = LaunchScreen.storyboard;
			sourceTree = "<group>";
		};
/* End PBXVariantGroup section */

/* Begin XCBuildConfiguration section */
		9BA8ACED2047F9A300B56625 /* Debug */ = {
			isa = XCBuildConfiguration;
			buildSettings = {
				ALWAYS_SEARCH_USER_PATHS = NO;
				CLANG_ANALYZER_NONNULL = YES;
				CLANG_ANALYZER_NUMBER_OBJECT_CONVERSION = YES_AGGRESSIVE;
				CLANG_CXX_LANGUAGE_STANDARD = "gnu++14";
				CLANG_CXX_LIBRARY = "libc++";
				CLANG_ENABLE_MODULES = YES;
				CLANG_ENABLE_OBJC_ARC = YES;
				CLANG_WARN_BLOCK_CAPTURE_AUTORELEASING = YES;
				CLANG_WARN_BOOL_CONVERSION = YES;
				CLANG_WARN_COMMA = YES;
				CLANG_WARN_CONSTANT_CONVERSION = YES;
				CLANG_WARN_DIRECT_OBJC_ISA_USAGE = YES_ERROR;
				CLANG_WARN_DOCUMENTATION_COMMENTS = YES;
				CLANG_WARN_EMPTY_BODY = YES;
				CLANG_WARN_ENUM_CONVERSION = YES;
				CLANG_WARN_INFINITE_RECURSION = YES;
				CLANG_WARN_INT_CONVERSION = YES;
				CLANG_WARN_NON_LITERAL_NULL_CONVERSION = YES;
				CLANG_WARN_OBJC_LITERAL_CONVERSION = YES;
				CLANG_WARN_OBJC_ROOT_CLASS = YES_ERROR;
				CLANG_WARN_RANGE_LOOP_ANALYSIS = YES;
				CLANG_WARN_STRICT_PROTOTYPES = YES;
				CLANG_WARN_SUSPICIOUS_MOVE = YES;
				CLANG_WARN_UNGUARDED_AVAILABILITY = YES_AGGRESSIVE;
				CLANG_WARN_UNREACHABLE_CODE = YES;
				CLANG_WARN__DUPLICATE_METHOD_MATCH = YES;
				CODE_SIGN_IDENTITY = "iPhone Developer";
				COPY_PHASE_STRIP = NO;
				DEBUG_INFORMATION_FORMAT = dwarf;
				ENABLE_STRICT_OBJC_MSGSEND = YES;
				ENABLE_TESTABILITY = YES;
				GCC_C_LANGUAGE_STANDARD = gnu11;
				GCC_DYNAMIC_NO_PIC = NO;
				GCC_NO_COMMON_BLOCKS = YES;
				GCC_OPTIMIZATION_LEVEL = 0;
				GCC_PREPROCESSOR_DEFINITIONS = (
					"DEBUG=1",
					"$(inherited)",
				);
				GCC_WARN_64_TO_32_BIT_CONVERSION = YES;
				GCC_WARN_ABOUT_RETURN_TYPE = YES_ERROR;
				GCC_WARN_UNDECLARED_SELECTOR = YES;
				GCC_WARN_UNINITIALIZED_AUTOS = YES_AGGRESSIVE;
				GCC_WARN_UNUSED_FUNCTION = YES;
				GCC_WARN_UNUSED_VARIABLE = YES;
				IPHONEOS_DEPLOYMENT_TARGET = 11.2;
				MTL_ENABLE_DEBUG_INFO = YES;
				ONLY_ACTIVE_ARCH = YES;
				SDKROOT = iphoneos;
				SWIFT_ACTIVE_COMPILATION_CONDITIONS = DEBUG;
				SWIFT_OPTIMIZATION_LEVEL = "-Onone";
			};
			name = Debug;
		};
		9BA8ACEE2047F9A300B56625 /* Release */ = {
			isa = XCBuildConfiguration;
			buildSettings = {
				ALWAYS_SEARCH_USER_PATHS = NO;
				CLANG_ANALYZER_NONNULL = YES;
				CLANG_ANALYZER_NUMBER_OBJECT_CONVERSION = YES_AGGRESSIVE;
				CLANG_CXX_LANGUAGE_STANDARD = "gnu++14";
				CLANG_CXX_LIBRARY = "libc++";
				CLANG_ENABLE_MODULES = YES;
				CLANG_ENABLE_OBJC_ARC = YES;
				CLANG_WARN_BLOCK_CAPTURE_AUTORELEASING = YES;
				CLANG_WARN_BOOL_CONVERSION = YES;
				CLANG_WARN_COMMA = YES;
				CLANG_WARN_CONSTANT_CONVERSION = YES;
				CLANG_WARN_DIRECT_OBJC_ISA_USAGE = YES_ERROR;
				CLANG_WARN_DOCUMENTATION_COMMENTS = YES;
				CLANG_WARN_EMPTY_BODY = YES;
				CLANG_WARN_ENUM_CONVERSION = YES;
				CLANG_WARN_INFINITE_RECURSION = YES;
				CLANG_WARN_INT_CONVERSION = YES;
				CLANG_WARN_NON_LITERAL_NULL_CONVERSION = YES;
				CLANG_WARN_OBJC_LITERAL_CONVERSION = YES;
				CLANG_WARN_OBJC_ROOT_CLASS = YES_ERROR;
				CLANG_WARN_RANGE_LOOP_ANALYSIS = YES;
				CLANG_WARN_STRICT_PROTOTYPES = YES;
				CLANG_WARN_SUSPICIOUS_MOVE = YES;
				CLANG_WARN_UNGUARDED_AVAILABILITY = YES_AGGRESSIVE;
				CLANG_WARN_UNREACHABLE_CODE = YES;
				CLANG_WARN__DUPLICATE_METHOD_MATCH = YES;
				CODE_SIGN_IDENTITY = "iPhone Developer";
				COPY_PHASE_STRIP = NO;
				DEBUG_INFORMATION_FORMAT = "dwarf-with-dsym";
				ENABLE_NS_ASSERTIONS = NO;
				ENABLE_STRICT_OBJC_MSGSEND = YES;
				GCC_C_LANGUAGE_STANDARD = gnu11;
				GCC_NO_COMMON_BLOCKS = YES;
				GCC_WARN_64_TO_32_BIT_CONVERSION = YES;
				GCC_WARN_ABOUT_RETURN_TYPE = YES_ERROR;
				GCC_WARN_UNDECLARED_SELECTOR = YES;
				GCC_WARN_UNINITIALIZED_AUTOS = YES_AGGRESSIVE;
				GCC_WARN_UNUSED_FUNCTION = YES;
				GCC_WARN_UNUSED_VARIABLE = YES;
				IPHONEOS_DEPLOYMENT_TARGET = 11.2;
				MTL_ENABLE_DEBUG_INFO = NO;
				SDKROOT = iphoneos;
				SWIFT_OPTIMIZATION_LEVEL = "-Owholemodule";
				VALIDATE_PRODUCT = YES;
			};
			name = Release;
		};
		9BA8ACF02047F9A300B56625 /* Debug */ = {
			isa = XCBuildConfiguration;
			buildSettings = {
				ASSETCATALOG_COMPILER_APPICON_NAME = AppIcon;
				CODE_SIGN_STYLE = Automatic;
				INFOPLIST_FILE = Day8Maps/Info.plist;
				LD_RUNPATH_SEARCH_PATHS = "$(inherited) @executable_path/Frameworks";
				PRODUCT_BUNDLE_IDENTIFIER = Foram.Day8Maps;
				PRODUCT_NAME = "$(TARGET_NAME)";
				SWIFT_VERSION = 4.0;
				TARGETED_DEVICE_FAMILY = "1,2";
			};
			name = Debug;
		};
		9BA8ACF12047F9A300B56625 /* Release */ = {
			isa = XCBuildConfiguration;
			buildSettings = {
				ASSETCATALOG_COMPILER_APPICON_NAME = AppIcon;
				CODE_SIGN_STYLE = Automatic;
				INFOPLIST_FILE = Day8Maps/Info.plist;
				LD_RUNPATH_SEARCH_PATHS = "$(inherited) @executable_path/Frameworks";
				PRODUCT_BUNDLE_IDENTIFIER = Foram.Day8Maps;
				PRODUCT_NAME = "$(TARGET_NAME)";
				SWIFT_VERSION = 4.0;
				TARGETED_DEVICE_FAMILY = "1,2";
			};
			name = Release;
		};
/* End XCBuildConfiguration section */

/* Begin XCConfigurationList section */
		9BA8ACD52047F9A300B56625 /* Build configuration list for PBXProject "Day8Maps" */ = {
			isa = XCConfigurationList;
			buildConfigurations = (
				9BA8ACED2047F9A300B56625 /* Debug */,
				9BA8ACEE2047F9A300B56625 /* Release */,
			);
			defaultConfigurationIsVisible = 0;
			defaultConfigurationName = Release;
		};
		9BA8ACEF2047F9A300B56625 /* Build configuration list for PBXNativeTarget "Day8Maps" */ = {
			isa = XCConfigurationList;
			buildConfigurations = (
				9BA8ACF02047F9A300B56625 /* Debug */,
				9BA8ACF12047F9A300B56625 /* Release */,
			);
			defaultConfigurationIsVisible = 0;
			defaultConfigurationName = Release;
		};
/* End XCConfigurationList section */

/* Begin XCVersionGroup section */
		9BA8ACE42047F9A300B56625 /* Day8Maps.xcdatamodeld */ = {
			isa = XCVersionGroup;
			children = (
				9BA8ACE52047F9A300B56625 /* Day8Maps.xcdatamodel */,
			);
			currentVersion = 9BA8ACE52047F9A300B56625 /* Day8Maps.xcdatamodel */;
			path = Day8Maps.xcdatamodeld;
			sourceTree = "<group>";
			versionGroupType = wrapper.xcdatamodel;
		};
/* End XCVersionGroup section */
	};
	rootObject = 9BA8ACD22047F9A300B56625 /* Project object */;
}
